
Microsoft Visual Studio Solution File, Format Version 12.00
# Visual Studio Version 16
VisualStudioVersion = 16.0.30517.126
MinimumVisualStudioVersion = 10.0.40219.1
Project("{FAE04EC0-301F-11D3-BF4B-00C04F79EFBC}") = "EFCore", "EFCore.csproj", "{55D7EA88-CE4B-4698-BE18-D83B4A9E9170}"
EndProject
Global
	GlobalSection(SolutionConfigurationPlatforms) = preSolution
		Debug|Any CPU = Debug|Any CPU
		Release|Any CPU = Release|Any CPU
	EndGlobalSection
	GlobalSection(ProjectConfigurationPlatforms) = postSolution
		{55D7EA88-CE4B-4698-BE18-D83B4A9E9170}.Debug|Any CPU.ActiveCfg = Debug|Any CPU
		{55D7EA88-CE4B-4698-BE18-D83B4A9E9170}.Debug|Any CPU.Build.0 = Debug|Any CPU
		{55D7EA88-CE4B-4698-BE18-D83B4A9E9170}.Release|Any CPU.ActiveCfg = Release|Any CPU
		{55D7EA88-CE4B-4698-BE18-D83B4A9E9170}.Release|Any CPU.Build.0 = Release|Any CPU
	EndGlobalSection
	GlobalSection(SolutionProperties) = preSolution
		HideSolutionNode = FALSE
	EndGlobalSection
	GlobalSection(ExtensibilityGlobals) = postSolution
		SolutionGuid = {623BB8AC-0DCB-43E3-AA9B-F10FCE617C65}
	EndGlobalSection
EndGlobal
